// !$*UTF8*$!
{
	archiveVersion = 1;
	classes = {
	};
	objectVersion = 50;
	objects = {

/* Begin PBXBuildFile section */
		DD2F1A8C239CC65200ABC357 /* Star.swift in Sources */ = {isa = PBXBuildFile; fileRef = DD2F1A8B239CC65200ABC357 /* Star.swift */; };
		DD2F1A90239CC74000ABC357 /* StarController.swift in Sources */ = {isa = PBXBuildFile; fileRef = DD2F1A8F239CC74000ABC357 /* StarController.swift */; };
		DD5B5548239F0BB5004C4178 /* StarTableViewCell.swift in Sources */ = {isa = PBXBuildFile; fileRef = DD5B5547239F0BB5004C4178 /* StarTableViewCell.swift */; };
		DD9694EF239C6E8100D5C9F4 /* AppDelegate.swift in Sources */ = {isa = PBXBuildFile; fileRef = DD9694EE239C6E8100D5C9F4 /* AppDelegate.swift */; };
		DD9694F1239C6E8100D5C9F4 /* SceneDelegate.swift in Sources */ = {isa = PBXBuildFile; fileRef = DD9694F0239C6E8100D5C9F4 /* SceneDelegate.swift */; };
		DD9694F3239C6E8100D5C9F4 /* StarsViewController.swift in Sources */ = {isa = PBXBuildFile; fileRef = DD9694F2239C6E8100D5C9F4 /* StarsViewController.swift */; };
		DD9694F6239C6E8100D5C9F4 /* Main.storyboard in Resources */ = {isa = PBXBuildFile; fileRef = DD9694F4239C6E8100D5C9F4 /* Main.storyboard */; };
		DD9694F8239C6E8200D5C9F4 /* Assets.xcassets in Resources */ = {isa = PBXBuildFile; fileRef = DD9694F7239C6E8200D5C9F4 /* Assets.xcassets */; };
		DD9694FB239C6E8200D5C9F4 /* LaunchScreen.storyboard in Resources */ = {isa = PBXBuildFile; fileRef = DD9694F9239C6E8200D5C9F4 /* LaunchScreen.storyboard */; };
/* End PBXBuildFile section */

/* Begin PBXFileReference section */
		DD2F1A8B239CC65200ABC357 /* Star.swift */ = {isa = PBXFileReference; lastKnownFileType = sourcecode.swift; path = Star.swift; sourceTree = "<group>"; };
		DD2F1A8F239CC74000ABC357 /* StarController.swift */ = {isa = PBXFileReference; lastKnownFileType = sourcecode.swift; path = StarController.swift; sourceTree = "<group>"; };
		DD5B5547239F0BB5004C4178 /* StarTableViewCell.swift */ = {isa = PBXFileReference; lastKnownFileType = sourcecode.swift; path = StarTableViewCell.swift; sourceTree = "<group>"; };
		DD9694EB239C6E8100D5C9F4 /* Stars-Joe-McLaughlin.app */ = {isa = PBXFileReference; explicitFileType = wrapper.application; includeInIndex = 0; path = "Stars-Joe-McLaughlin.app"; sourceTree = BUILT_PRODUCTS_DIR; };
		DD9694EE239C6E8100D5C9F4 /* AppDelegate.swift */ = {isa = PBXFileReference; lastKnownFileType = sourcecode.swift; path = AppDelegate.swift; sourceTree = "<group>"; };
		DD9694F0239C6E8100D5C9F4 /* SceneDelegate.swift */ = {isa = PBXFileReference; lastKnownFileType = sourcecode.swift; path = SceneDelegate.swift; sourceTree = "<group>"; };
		DD9694F2239C6E8100D5C9F4 /* StarsViewController.swift */ = {isa = PBXFileReference; lastKnownFileType = sourcecode.swift; path = StarsViewController.swift; sourceTree = "<group>"; };
		DD9694F5239C6E8100D5C9F4 /* Base */ = {isa = PBXFileReference; lastKnownFileType = file.storyboard; name = Base; path = Base.lproj/Main.storyboard; sourceTree = "<group>"; };
		DD9694F7239C6E8200D5C9F4 /* Assets.xcassets */ = {isa = PBXFileReference; lastKnownFileType = folder.assetcatalog; path = Assets.xcassets; sourceTree = "<group>"; };
		DD9694FA239C6E8200D5C9F4 /* Base */ = {isa = PBXFileReference; lastKnownFileType = file.storyboard; name = Base; path = Base.lproj/LaunchScreen.storyboard; sourceTree = "<group>"; };
		DD9694FC239C6E8200D5C9F4 /* Info.plist */ = {isa = PBXFileReference; lastKnownFileType = text.plist.xml; path = Info.plist; sourceTree = "<group>"; };
/* End PBXFileReference section */

/* Begin PBXFrameworksBuildPhase section */
		DD9694E8239C6E8100D5C9F4 /* Frameworks */ = {
			isa = PBXFrameworksBuildPhase;
			buildActionMask = 2147483647;
			files = (
			);
			runOnlyForDeploymentPostprocessing = 0;
		};
/* End PBXFrameworksBuildPhase section */

/* Begin PBXGroup section */
		DD2F1A8E239CC65E00ABC357 /* Models */ = {
			isa = PBXGroup;
			children = (
				DD2F1A8B239CC65200ABC357 /* Star.swift */,
			);
			path = Models;
			sourceTree = "<group>";
		};
		DD2F1A91239CC74400ABC357 /* Model Controller */ = {
			isa = PBXGroup;
			children = (
				DD2F1A8F239CC74000ABC357 /* StarController.swift */,
			);
			path = "Model Controller";
			sourceTree = "<group>";
		};
		DD9694E2239C6E8100D5C9F4 = {
			isa = PBXGroup;
			children = (
				DD9694ED239C6E8100D5C9F4 /* Stars-Joe-McLaughlin */,
				DD9694EC239C6E8100D5C9F4 /* Products */,
			);
			sourceTree = "<group>";
		};
		DD9694EC239C6E8100D5C9F4 /* Products */ = {
			isa = PBXGroup;
			children = (
				DD9694EB239C6E8100D5C9F4 /* Stars-Joe-McLaughlin.app */,
			);
			name = Products;
			sourceTree = "<group>";
		};
		DD9694ED239C6E8100D5C9F4 /* Stars-Joe-McLaughlin */ = {
			isa = PBXGroup;
			children = (
				DD9694EE239C6E8100D5C9F4 /* AppDelegate.swift */,
				DD9694F0239C6E8100D5C9F4 /* SceneDelegate.swift */,
				DD969503239CC2A900D5C9F4 /* View Controllers */,
				DD969502239C6F4600D5C9F4 /* Storyboards */,
				DD9694F7239C6E8200D5C9F4 /* Assets.xcassets */,
				DD9694FC239C6E8200D5C9F4 /* Info.plist */,
				DD2F1A8E239CC65E00ABC357 /* Models */,
				DD2F1A91239CC74400ABC357 /* Model Controller */,
				DD5B5547239F0BB5004C4178 /* StarTableViewCell.swift */,
			);
			path = "Stars-Joe-McLaughlin";
			sourceTree = "<group>";
		};
		DD969502239C6F4600D5C9F4 /* Storyboards */ = {
			isa = PBXGroup;
			children = (
				DD9694F4239C6E8100D5C9F4 /* Main.storyboard */,
				DD9694F9239C6E8200D5C9F4 /* LaunchScreen.storyboard */,
			);
			path = Storyboards;
			sourceTree = "<group>";
		};
		DD969503239CC2A900D5C9F4 /* View Controllers */ = {
			isa = PBXGroup;
			children = (
				DD9694F2239C6E8100D5C9F4 /* StarsViewController.swift */,
			);
			path = "View Controllers";
			sourceTree = "<group>";
		};
/* End PBXGroup section */

/* Begin PBXNativeTarget section */
		DD9694EA239C6E8100D5C9F4 /* Stars-Joe-McLaughlin */ = {
			isa = PBXNativeTarget;
			buildConfigurationList = DD9694FF239C6E8200D5C9F4 /* Build configuration list for PBXNativeTarget "Stars-Joe-McLaughlin" */;
			buildPhases = (
				DD9694E7239C6E8100D5C9F4 /* Sources */,
				DD9694E8239C6E8100D5C9F4 /* Frameworks */,
				DD9694E9239C6E8100D5C9F4 /* Resources */,
			);
			buildRules = (
			);
			dependencies = (
			);
			name = "Stars-Joe-McLaughlin";
			productName = "Stars-Joe-McLaughlin";
			productReference = DD9694EB239C6E8100D5C9F4 /* Stars-Joe-McLaughlin.app */;
			productType = "com.apple.product-type.application";
		};
/* End PBXNativeTarget section */

/* Begin PBXProject section */
		DD9694E3239C6E8100D5C9F4 /* Project object */ = {
			isa = PBXProject;
			attributes = {
				LastSwiftUpdateCheck = 1120;
				LastUpgradeCheck = 1120;
				ORGANIZATIONNAME = "Lamdba School";
				TargetAttributes = {
					DD9694EA239C6E8100D5C9F4 = {
						CreatedOnToolsVersion = 11.2.1;
					};
				};
			};
			buildConfigurationList = DD9694E6239C6E8100D5C9F4 /* Build configuration list for PBXProject "Stars-Joe-McLaughlin" */;
			compatibilityVersion = "Xcode 9.3";
			developmentRegion = en;
			hasScannedForEncodings = 0;
			knownRegions = (
				en,
				Base,
			);
			mainGroup = DD9694E2239C6E8100D5C9F4;
			productRefGroup = DD9694EC239C6E8100D5C9F4 /* Products */;
			projectDirPath = "";
			projectRoot = "";
			targets = (
				DD9694EA239C6E8100D5C9F4 /* Stars-Joe-McLaughlin */,
			);
		};
/* End PBXProject section */

/* Begin PBXResourcesBuildPhase section */
		DD9694E9239C6E8100D5C9F4 /* Resources */ = {
			isa = PBXResourcesBuildPhase;
			buildActionMask = 2147483647;
			files = (
				DD9694FB239C6E8200D5C9F4 /* LaunchScreen.storyboard in Resources */,
				DD9694F8239C6E8200D5C9F4 /* Assets.xcassets in Resources */,
				DD9694F6239C6E8100D5C9F4 /* Main.storyboard in Resources */,
			);
			runOnlyForDeploymentPostprocessing = 0;
		};
/* End PBXResourcesBuildPhase section */

/* Begin PBXSourcesBuildPhase section */
		DD9694E7239C6E8100D5C9F4 /* Sources */ = {
			isa = PBXSourcesBuildPhase;
			buildActionMask = 2147483647;
			files = (
				DD9694F3239C6E8100D5C9F4 /* StarsViewController.swift in Sources */,
				DD5B5548239F0BB5004C4178 /* StarTableViewCell.swift in Sources */,
				DD9694EF239C6E8100D5C9F4 /* AppDelegate.swift in Sources */,
				DD2F1A90239CC74000ABC357 /* StarController.swift in Sources */,
				DD9694F1239C6E8100D5C9F4 /* SceneDelegate.swift in Sources */,
				DD2F1A8C239CC65200ABC357 /* Star.swift in Sources */,
			);
			runOnlyForDeploymentPostprocessing = 0;
		};
/* End PBXSourcesBuildPhase section */

/* Begin PBXVariantGroup section */
		DD9694F4239C6E8100D5C9F4 /* Main.storyboard */ = {
			isa = PBXVariantGroup;
			children = (
				DD9694F5239C6E8100D5C9F4 /* Base */,
			);
			name = Main.storyboard;
			sourceTree = "<group>";
		};
		DD9694F9239C6E8200D5C9F4 /* LaunchScreen.storyboard */ = {
			isa = PBXVariantGroup;
			children = (
				DD9694FA239C6E8200D5C9F4 /* Base */,
			);
			name = LaunchScreen.storyboard;
			sourceTree = "<group>";
		};
/* End PBXVariantGroup section */

/* Begin XCBuildConfiguration section */
		DD9694FD239C6E8200D5C9F4 /* Debug */ = {
			isa = XCBuildConfiguration;
			buildSettings = {
				ALWAYS_SEARCH_USER_PATHS = NO;
				CLANG_ANALYZER_NONNULL = YES;
				CLANG_ANALYZER_NUMBER_OBJECT_CONVERSION = YES_AGGRESSIVE;
				CLANG_CXX_LANGUAGE_STANDARD = "gnu++14";
				CLANG_CXX_LIBRARY = "libc++";
				CLANG_ENABLE_MODULES = YES;
				CLANG_ENABLE_OBJC_ARC = YES;
				CLANG_ENABLE_OBJC_WEAK = YES;
				CLANG_WARN_BLOCK_CAPTURE_AUTORELEASING = YES;
				CLANG_WARN_BOOL_CONVERSION = YES;
				CLANG_WARN_COMMA = YES;
				CLANG_WARN_CONSTANT_CONVERSION = YES;
				CLANG_WARN_DEPRECATED_OBJC_IMPLEMENTATIONS = YES;
				CLANG_WARN_DIRECT_OBJC_ISA_USAGE = YES_ERROR;
				CLANG_WARN_DOCUMENTATION_COMMENTS = YES;
				CLANG_WARN_EMPTY_BODY = YES;
				CLANG_WARN_ENUM_CONVERSION = YES;
				CLANG_WARN_INFINITE_RECURSION = YES;
				CLANG_WARN_INT_CONVERSION = YES;
				CLANG_WARN_NON_LITERAL_NULL_CONVERSION = YES;
				CLANG_WARN_OBJC_IMPLICIT_RETAIN_SELF = YES;
				CLANG_WARN_OBJC_LITERAL_CONVERSION = YES;
				CLANG_WARN_OBJC_ROOT_CLASS = YES_ERROR;
				CLANG_WARN_RANGE_LOOP_ANALYSIS = YES;
				CLANG_WARN_STRICT_PROTOTYPES = YES;
				CLANG_WARN_SUSPICIOUS_MOVE = YES;
				CLANG_WARN_UNGUARDED_AVAILABILITY = YES_AGGRESSIVE;
				CLANG_WARN_UNREACHABLE_CODE = YES;
				CLANG_WARN__DUPLICATE_METHOD_MATCH = YES;
				COPY_PHASE_STRIP = NO;
				DEBUG_INFORMATION_FORMAT = dwarf;
				ENABLE_STRICT_OBJC_MSGSEND = YES;
				ENABLE_TESTABILITY = YES;
				GCC_C_LANGUAGE_STANDARD = gnu11;
				GCC_DYNAMIC_NO_PIC = NO;
				GCC_NO_COMMON_BLOCKS = YES;
				GCC_OPTIMIZATION_LEVEL = 0;
				GCC_PREPROCESSOR_DEFINITIONS = (
					"DEBUG=1",
					"$(inherited)",
				);
				GCC_WARN_64_TO_32_BIT_CONVERSION = YES;
				GCC_WARN_ABOUT_RETURN_TYPE = YES_ERROR;
				GCC_WARN_UNDECLARED_SELECTOR = YES;
				GCC_WARN_UNINITIALIZED_AUTOS = YES_AGGRESSIVE;
				GCC_WARN_UNUSED_FUNCTION = YES;
				GCC_WARN_UNUSED_VARIABLE = YES;
				IPHONEOS_DEPLOYMENT_TARGET = 13.2;
				MTL_ENABLE_DEBUG_INFO = INCLUDE_SOURCE;
				MTL_FAST_MATH = YES;
				ONLY_ACTIVE_ARCH = YES;
				SDKROOT = iphoneos;
				SWIFT_ACTIVE_COMPILATION_CONDITIONS = DEBUG;
				SWIFT_OPTIMIZATION_LEVEL = "-Onone";
			};
			name = Debug;
		};
		DD9694FE239C6E8200D5C9F4 /* Release */ = {
			isa = XCBuildConfiguration;
			buildSettings = {
				ALWAYS_SEARCH_USER_PATHS = NO;
				CLANG_ANALYZER_NONNULL = YES;
				CLANG_ANALYZER_NUMBER_OBJECT_CONVERSION = YES_AGGRESSIVE;
				CLANG_CXX_LANGUAGE_STANDARD = "gnu++14";
				CLANG_CXX_LIBRARY = "libc++";
				CLANG_ENABLE_MODULES = YES;
				CLANG_ENABLE_OBJC_ARC = YES;
				CLANG_ENABLE_OBJC_WEAK = YES;
				CLANG_WARN_BLOCK_CAPTURE_AUTORELEASING = YES;
				CLANG_WARN_BOOL_CONVERSION = YES;
				CLANG_WARN_COMMA = YES;
				CLANG_WARN_CONSTANT_CONVERSION = YES;
				CLANG_WARN_DEPRECATED_OBJC_IMPLEMENTATIONS = YES;
				CLANG_WARN_DIRECT_OBJC_ISA_USAGE = YES_ERROR;
				CLANG_WARN_DOCUMENTATION_COMMENTS = YES;
				CLANG_WARN_EMPTY_BODY = YES;
				CLANG_WARN_ENUM_CONVERSION = YES;
				CLANG_WARN_INFINITE_RECURSION = YES;
				CLANG_WARN_INT_CONVERSION = YES;
				CLANG_WARN_NON_LITERAL_NULL_CONVERSION = YES;
				CLANG_WARN_OBJC_IMPLICIT_RETAIN_SELF = YES;
				CLANG_WARN_OBJC_LITERAL_CONVERSION = YES;
				CLANG_WARN_OBJC_ROOT_CLASS = YES_ERROR;
				CLANG_WARN_RANGE_LOOP_ANALYSIS = YES;
				CLANG_WARN_STRICT_PROTOTYPES = YES;
				CLANG_WARN_SUSPICIOUS_MOVE = YES;
				CLANG_WARN_UNGUARDED_AVAILABILITY = YES_AGGRESSIVE;
				CLANG_WARN_UNREACHABLE_CODE = YES;
				CLANG_WARN__DUPLICATE_METHOD_MATCH = YES;
				COPY_PHASE_STRIP = NO;
				DEBUG_INFORMATION_FORMAT = "dwarf-with-dsym";
				ENABLE_NS_ASSERTIONS = NO;
				ENABLE_STRICT_OBJC_MSGSEND = YES;
				GCC_C_LANGUAGE_STANDARD = gnu11;
				GCC_NO_COMMON_BLOCKS = YES;
				GCC_WARN_64_TO_32_BIT_CONVERSION = YES;
				GCC_WARN_ABOUT_RETURN_TYPE = YES_ERROR;
				GCC_WARN_UNDECLARED_SELECTOR = YES;
				GCC_WARN_UNINITIALIZED_AUTOS = YES_AGGRESSIVE;
				GCC_WARN_UNUSED_FUNCTION = YES;
				GCC_WARN_UNUSED_VARIABLE = YES;
				IPHONEOS_DEPLOYMENT_TARGET = 13.2;
				MTL_ENABLE_DEBUG_INFO = NO;
				MTL_FAST_MATH = YES;
				SDKROOT = iphoneos;
				SWIFT_COMPILATION_MODE = wholemodule;
				SWIFT_OPTIMIZATION_LEVEL = "-O";
				VALIDATE_PRODUCT = YES;
			};
			name = Release;
		};
		DD969500239C6E8200D5C9F4 /* Debug */ = {
			isa = XCBuildConfiguration;
			buildSettings = {
				ASSETCATALOG_COMPILER_APPICON_NAME = AppIcon;
				CODE_SIGN_STYLE = Automatic;
				DEVELOPMENT_TEAM = T87Y8KB3R4;
				INFOPLIST_FILE = "Stars-Joe-McLaughlin/Info.plist";
				LD_RUNPATH_SEARCH_PATHS = (
					"$(inherited)",
					"@executable_path/Frameworks",
				);
				PRODUCT_BUNDLE_IDENTIFIER = "com.percyNgan.Stars-Joe-McLaughlin";
				PRODUCT_NAME = "$(TARGET_NAME)";
				SWIFT_VERSION = 5.0;
				TARGETED_DEVICE_FAMILY = "1,2";
			};
			name = Debug;
		};
		DD969501239C6E8200D5C9F4 /* Release */ = {
			isa = XCBuildConfiguration;
			buildSettings = {
				ASSETCATALOG_COMPILER_APPICON_NAME = AppIcon;
				CODE_SIGN_STYLE = Automatic;
				DEVELOPMENT_TEAM = T87Y8KB3R4;
				INFOPLIST_FILE = "Stars-Joe-McLaughlin/Info.plist";
				LD_RUNPATH_SEARCH_PATHS = (
					"$(inherited)",
					"@executable_path/Frameworks",
				);
				PRODUCT_BUNDLE_IDENTIFIER = "com.percyNgan.Stars-Joe-McLaughlin";
				PRODUCT_NAME = "$(TARGET_NAME)";
				SWIFT_VERSION = 5.0;
				TARGETED_DEVICE_FAMILY = "1,2";
			};
			name = Release;
		};
/* End XCBuildConfiguration section */

/* Begin XCConfigurationList section */
		DD9694E6239C6E8100D5C9F4 /* Build configuration list for PBXProject "Stars-Joe-McLaughlin" */ = {
			isa = XCConfigurationList;
			buildConfigurations = (
				DD9694FD239C6E8200D5C9F4 /* Debug */,
				DD9694FE239C6E8200D5C9F4 /* Release */,
			);
			defaultConfigurationIsVisible = 0;
			defaultConfigurationName = Release;
		};
		DD9694FF239C6E8200D5C9F4 /* Build configuration list for PBXNativeTarget "Stars-Joe-McLaughlin" */ = {
			isa = XCConfigurationList;
			buildConfigurations = (
				DD969500239C6E8200D5C9F4 /* Debug */,
				DD969501239C6E8200D5C9F4 /* Release */,
			);
			defaultConfigurationIsVisible = 0;
			defaultConfigurationName = Release;
		};
/* End XCConfigurationList section */
	};
	rootObject = DD9694E3239C6E8100D5C9F4 /* Project object */;
}
